
Microsoft Visual Studio Solution File, Format Version 12.00
# Visual Studio Version 16
VisualStudioVersion = 16.0.31424.327
MinimumVisualStudioVersion = 10.0.40219.1
Project("{FAE04EC0-301F-11D3-BF4B-00C04F79EFBC}") = "Celsius", "Celsius\Celsius.csproj", "{C79CC56D-B557-4981-94A3-3D5BF5518D2F}"
EndProject
Project("{FAE04EC0-301F-11D3-BF4B-00C04F79EFBC}") = "Celsius.Model", "Celsius.Model\Celsius.Model.csproj", "{678957C1-3483-4DA8-8BCF-348658C0A64E}"
EndProject
Project("{FAE04EC0-301F-11D3-BF4B-00C04F79EFBC}") = "Celsius.Commons", "Celsius.Commons\Celsius.Commons.csproj", "{EBF0E464-B905-4D31-930E-26EE0B8E3FC4}"
EndProject
Project("{FAE04EC0-301F-11D3-BF4B-00C04F79EFBC}") = "Celsius.Core", "Celsius.Core\Celsius.Core.csproj", "{978B6AC9-0E7B-401B-B205-2B0CB91ED68E}"
EndProject
Project("{FAE04EC0-301F-11D3-BF4B-00C04F79EFBC}") = "Celsius.Data", "Celsius.Data\Celsius.Data.csproj", "{1ECA007C-479A-4531-B5DB-D51ADAEA827B}"
EndProject
Global
	GlobalSection(SolutionConfigurationPlatforms) = preSolution
		Debug|Any CPU = Debug|Any CPU
		Release|Any CPU = Release|Any CPU
	EndGlobalSection
	GlobalSection(ProjectConfigurationPlatforms) = postSolution
		{C79CC56D-B557-4981-94A3-3D5BF5518D2F}.Debug|Any CPU.ActiveCfg = Debug|Any CPU
		{C79CC56D-B557-4981-94A3-3D5BF5518D2F}.Debug|Any CPU.Build.0 = Debug|Any CPU
		{C79CC56D-B557-4981-94A3-3D5BF5518D2F}.Release|Any CPU.ActiveCfg = Release|Any CPU
		{C79CC56D-B557-4981-94A3-3D5BF5518D2F}.Release|Any CPU.Build.0 = Release|Any CPU
		{678957C1-3483-4DA8-8BCF-348658C0A64E}.Debug|Any CPU.ActiveCfg = Debug|Any CPU
		{678957C1-3483-4DA8-8BCF-348658C0A64E}.Debug|Any CPU.Build.0 = Debug|Any CPU
		{678957C1-3483-4DA8-8BCF-348658C0A64E}.Release|Any CPU.ActiveCfg = Release|Any CPU
		{678957C1-3483-4DA8-8BCF-348658C0A64E}.Release|Any CPU.Build.0 = Release|Any CPU
		{EBF0E464-B905-4D31-930E-26EE0B8E3FC4}.Debug|Any CPU.ActiveCfg = Debug|Any CPU
		{EBF0E464-B905-4D31-930E-26EE0B8E3FC4}.Debug|Any CPU.Build.0 = Debug|Any CPU
		{EBF0E464-B905-4D31-930E-26EE0B8E3FC4}.Release|Any CPU.ActiveCfg = Release|Any CPU
		{EBF0E464-B905-4D31-930E-26EE0B8E3FC4}.Release|Any CPU.Build.0 = Release|Any CPU
		{978B6AC9-0E7B-401B-B205-2B0CB91ED68E}.Debug|Any CPU.ActiveCfg = Debug|Any CPU
		{978B6AC9-0E7B-401B-B205-2B0CB91ED68E}.Debug|Any CPU.Build.0 = Debug|Any CPU
		{978B6AC9-0E7B-401B-B205-2B0CB91ED68E}.Release|Any CPU.ActiveCfg = Release|Any CPU
		{978B6AC9-0E7B-401B-B205-2B0CB91ED68E}.Release|Any CPU.Build.0 = Release|Any CPU
		{1ECA007C-479A-4531-B5DB-D51ADAEA827B}.Debug|Any CPU.ActiveCfg = Debug|Any CPU
		{1ECA007C-479A-4531-B5DB-D51ADAEA827B}.Debug|Any CPU.Build.0 = Debug|Any CPU
		{1ECA007C-479A-4531-B5DB-D51ADAEA827B}.Release|Any CPU.ActiveCfg = Release|Any CPU
		{1ECA007C-479A-4531-B5DB-D51ADAEA827B}.Release|Any CPU.Build.0 = Release|Any CPU
	EndGlobalSection
	GlobalSection(SolutionProperties) = preSolution
		HideSolutionNode = FALSE
	EndGlobalSection
	GlobalSection(ExtensibilityGlobals) = postSolution
		SolutionGuid = {5EAC0CC4-A650-4518-B9E5-19C184CDA5DC}
	EndGlobalSection
EndGlobal
